
Microsoft Visual Studio Solution File, Format Version 12.00
# Visual Studio Version 16
VisualStudioVersion = 16.0.30330.147
MinimumVisualStudioVersion = 10.0.40219.1
Project("{8BC9CEB8-8B4A-11D0-8D11-00A0C91BC942}") = "GameNetworkingSocketsAndroid", "GameNetworkingSocketsAndroid\GameNetworkingSocketsAndroid.vcxproj", "{361E6CDE-CA22-4B2B-BD49-B9FC84551BEE}"
	ProjectSection(ProjectDependencies) = postProject
		{AE69A533-99F7-4CC4-A4E9-975C37AA594D} = {AE69A533-99F7-4CC4-A4E9-975C37AA594D}
		{5E248C97-9645-4BCF-9FF4-DD69FE27191E} = {5E248C97-9645-4BCF-9FF4-DD69FE27191E}
		{A9425798-B5EF-4EFA-A51A-BEEB0F77270B} = {A9425798-B5EF-4EFA-A51A-BEEB0F77270B}
		{CB1ACCBC-965E-4745-A125-793FEADB3134} = {CB1ACCBC-965E-4745-A125-793FEADB3134}
	EndProjectSection
EndProject
Project("{8BC9CEB8-8B4A-11D0-8D11-00A0C91BC942}") = "Abseil", "Abseil\Abseil.vcxproj", "{CB1ACCBC-965E-4745-A125-793FEADB3134}"
EndProject
Project("{8BC9CEB8-8B4A-11D0-8D11-00A0C91BC942}") = "abseil_strings", "abseil_strings\abseil_strings.vcxproj", "{5E248C97-9645-4BCF-9FF4-DD69FE27191E}"
EndProject
Project("{8BC9CEB8-8B4A-11D0-8D11-00A0C91BC942}") = "webrtc-lite", "webrtc-lite\webrtc-lite.vcxproj", "{AE69A533-99F7-4CC4-A4E9-975C37AA594D}"
EndProject
Project("{8BC9CEB8-8B4A-11D0-8D11-00A0C91BC942}") = "steamwebrtc", "steamwebrtc\steamwebrtc.vcxproj", "{A9425798-B5EF-4EFA-A51A-BEEB0F77270B}"
EndProject
Project("{2150E333-8FDC-42A3-9474-1A3956D46DE8}") = "Android1", "Android1", "{64A01D4C-86E9-4C5C-B4A9-074A9AE7DC2E}"
EndProject
Project("{39E2626F-3545-4960-A6E8-258AD8476CE5}") = "Android1.Packaging", "Android1\Android1.Packaging\Android1.Packaging.androidproj", "{A63596E5-5A57-420E-B0AC-64229AAFD06F}"
EndProject
Project("{8BC9CEB8-8B4A-11D0-8D11-00A0C91BC942}") = "Android1.NativeActivity", "Android1\Android1.NativeActivity\Android1.NativeActivity.vcxproj", "{A529E3F4-B645-404A-AC50-AE1B437908A3}"
EndProject
Global
	GlobalSection(SolutionConfigurationPlatforms) = preSolution
		Debug|ARM = Debug|ARM
		Debug|ARM64 = Debug|ARM64
		Debug|x64 = Debug|x64
		Debug|x86 = Debug|x86
		Release|ARM = Release|ARM
		Release|ARM64 = Release|ARM64
		Release|x64 = Release|x64
		Release|x86 = Release|x86
	EndGlobalSection
	GlobalSection(ProjectConfigurationPlatforms) = postSolution
		{361E6CDE-CA22-4B2B-BD49-B9FC84551BEE}.Debug|ARM.ActiveCfg = Debug|ARM
		{361E6CDE-CA22-4B2B-BD49-B9FC84551BEE}.Debug|ARM.Build.0 = Debug|ARM
		{361E6CDE-CA22-4B2B-BD49-B9FC84551BEE}.Debug|ARM64.ActiveCfg = Debug|ARM64
		{361E6CDE-CA22-4B2B-BD49-B9FC84551BEE}.Debug|ARM64.Build.0 = Debug|ARM64
		{361E6CDE-CA22-4B2B-BD49-B9FC84551BEE}.Debug|x64.ActiveCfg = Debug|x64
		{361E6CDE-CA22-4B2B-BD49-B9FC84551BEE}.Debug|x64.Build.0 = Debug|x64
		{361E6CDE-CA22-4B2B-BD49-B9FC84551BEE}.Debug|x86.ActiveCfg = Debug|x86
		{361E6CDE-CA22-4B2B-BD49-B9FC84551BEE}.Debug|x86.Build.0 = Debug|x86
		{361E6CDE-CA22-4B2B-BD49-B9FC84551BEE}.Release|ARM.ActiveCfg = Release|ARM
		{361E6CDE-CA22-4B2B-BD49-B9FC84551BEE}.Release|ARM.Build.0 = Release|ARM
		{361E6CDE-CA22-4B2B-BD49-B9FC84551BEE}.Release|ARM64.ActiveCfg = Release|ARM64
		{361E6CDE-CA22-4B2B-BD49-B9FC84551BEE}.Release|ARM64.Build.0 = Release|ARM64
		{361E6CDE-CA22-4B2B-BD49-B9FC84551BEE}.Release|x64.ActiveCfg = Release|x64
		{361E6CDE-CA22-4B2B-BD49-B9FC84551BEE}.Release|x64.Build.0 = Release|x64
		{361E6CDE-CA22-4B2B-BD49-B9FC84551BEE}.Release|x86.ActiveCfg = Release|x86
		{361E6CDE-CA22-4B2B-BD49-B9FC84551BEE}.Release|x86.Build.0 = Release|x86
		{CB1ACCBC-965E-4745-A125-793FEADB3134}.Debug|ARM.ActiveCfg = Debug|ARM
		{CB1ACCBC-965E-4745-A125-793FEADB3134}.Debug|ARM.Build.0 = Debug|ARM
		{CB1ACCBC-965E-4745-A125-793FEADB3134}.Debug|ARM64.ActiveCfg = Debug|ARM64
		{CB1ACCBC-965E-4745-A125-793FEADB3134}.Debug|ARM64.Build.0 = Debug|ARM64
		{CB1ACCBC-965E-4745-A125-793FEADB3134}.Debug|x64.ActiveCfg = Debug|x64
		{CB1ACCBC-965E-4745-A125-793FEADB3134}.Debug|x64.Build.0 = Debug|x64
		{CB1ACCBC-965E-4745-A125-793FEADB3134}.Debug|x86.ActiveCfg = Debug|x86
		{CB1ACCBC-965E-4745-A125-793FEADB3134}.Debug|x86.Build.0 = Debug|x86
		{CB1ACCBC-965E-4745-A125-793FEADB3134}.Release|ARM.ActiveCfg = Release|ARM
		{CB1ACCBC-965E-4745-A125-793FEADB3134}.Release|ARM.Build.0 = Release|ARM
		{CB1ACCBC-965E-4745-A125-793FEADB3134}.Release|ARM64.ActiveCfg = Release|ARM64
		{CB1ACCBC-965E-4745-A125-793FEADB3134}.Release|ARM64.Build.0 = Release|ARM64
		{CB1ACCBC-965E-4745-A125-793FEADB3134}.Release|x64.ActiveCfg = Release|x64
		{CB1ACCBC-965E-4745-A125-793FEADB3134}.Release|x64.Build.0 = Release|x64
		{CB1ACCBC-965E-4745-A125-793FEADB3134}.Release|x86.ActiveCfg = Release|x86
		{CB1ACCBC-965E-4745-A125-793FEADB3134}.Release|x86.Build.0 = Release|x86
		{5E248C97-9645-4BCF-9FF4-DD69FE27191E}.Debug|ARM.ActiveCfg = Debug|ARM
		{5E248C97-9645-4BCF-9FF4-DD69FE27191E}.Debug|ARM.Build.0 = Debug|ARM
		{5E248C97-9645-4BCF-9FF4-DD69FE27191E}.Debug|ARM64.ActiveCfg = Debug|ARM64
		{5E248C97-9645-4BCF-9FF4-DD69FE27191E}.Debug|ARM64.Build.0 = Debug|ARM64
		{5E248C97-9645-4BCF-9FF4-DD69FE27191E}.Debug|x64.ActiveCfg = Debug|x64
		{5E248C97-9645-4BCF-9FF4-DD69FE27191E}.Debug|x64.Build.0 = Debug|x64
		{5E248C97-9645-4BCF-9FF4-DD69FE27191E}.Debug|x86.ActiveCfg = Debug|x86
		{5E248C97-9645-4BCF-9FF4-DD69FE27191E}.Debug|x86.Build.0 = Debug|x86
		{5E248C97-9645-4BCF-9FF4-DD69FE27191E}.Release|ARM.ActiveCfg = Release|ARM
		{5E248C97-9645-4BCF-9FF4-DD69FE27191E}.Release|ARM.Build.0 = Release|ARM
		{5E248C97-9645-4BCF-9FF4-DD69FE27191E}.Release|ARM64.ActiveCfg = Release|ARM64
		{5E248C97-9645-4BCF-9FF4-DD69FE27191E}.Release|ARM64.Build.0 = Release|ARM64
		{5E248C97-9645-4BCF-9FF4-DD69FE27191E}.Release|x64.ActiveCfg = Release|x64
		{5E248C97-9645-4BCF-9FF4-DD69FE27191E}.Release|x64.Build.0 = Release|x64
		{5E248C97-9645-4BCF-9FF4-DD69FE27191E}.Release|x86.ActiveCfg = Release|x86
		{5E248C97-9645-4BCF-9FF4-DD69FE27191E}.Release|x86.Build.0 = Release|x86
		{AE69A533-99F7-4CC4-A4E9-975C37AA594D}.Debug|ARM.ActiveCfg = Debug|ARM
		{AE69A533-99F7-4CC4-A4E9-975C37AA594D}.Debug|ARM.Build.0 = Debug|ARM
		{AE69A533-99F7-4CC4-A4E9-975C37AA594D}.Debug|ARM64.ActiveCfg = Debug|ARM64
		{AE69A533-99F7-4CC4-A4E9-975C37AA594D}.Debug|ARM64.Build.0 = Debug|ARM64
		{AE69A533-99F7-4CC4-A4E9-975C37AA594D}.Debug|x64.ActiveCfg = Debug|x64
		{AE69A533-99F7-4CC4-A4E9-975C37AA594D}.Debug|x64.Build.0 = Debug|x64
		{AE69A533-99F7-4CC4-A4E9-975C37AA594D}.Debug|x86.ActiveCfg = Debug|x86
		{AE69A533-99F7-4CC4-A4E9-975C37AA594D}.Debug|x86.Build.0 = Debug|x86
		{AE69A533-99F7-4CC4-A4E9-975C37AA594D}.Release|ARM.ActiveCfg = Release|ARM
		{AE69A533-99F7-4CC4-A4E9-975C37AA594D}.Release|ARM.Build.0 = Release|ARM
		{AE69A533-99F7-4CC4-A4E9-975C37AA594D}.Release|ARM64.ActiveCfg = Release|ARM64
		{AE69A533-99F7-4CC4-A4E9-975C37AA594D}.Release|ARM64.Build.0 = Release|ARM64
		{AE69A533-99F7-4CC4-A4E9-975C37AA594D}.Release|x64.ActiveCfg = Release|x64
		{AE69A533-99F7-4CC4-A4E9-975C37AA594D}.Release|x64.Build.0 = Release|x64
		{AE69A533-99F7-4CC4-A4E9-975C37AA594D}.Release|x86.ActiveCfg = Release|x86
		{AE69A533-99F7-4CC4-A4E9-975C37AA594D}.Release|x86.Build.0 = Release|x86
		{A9425798-B5EF-4EFA-A51A-BEEB0F77270B}.Debug|ARM.ActiveCfg = Debug|ARM
		{A9425798-B5EF-4EFA-A51A-BEEB0F77270B}.Debug|ARM.Build.0 = Debug|ARM
		{A9425798-B5EF-4EFA-A51A-BEEB0F77270B}.Debug|ARM64.ActiveCfg = Debug|ARM64
		{A9425798-B5EF-4EFA-A51A-BEEB0F77270B}.Debug|ARM64.Build.0 = Debug|ARM64
		{A9425798-B5EF-4EFA-A51A-BEEB0F77270B}.Debug|x64.ActiveCfg = Debug|x64
		{A9425798-B5EF-4EFA-A51A-BEEB0F77270B}.Debug|x64.Build.0 = Debug|x64
		{A9425798-B5EF-4EFA-A51A-BEEB0F77270B}.Debug|x86.ActiveCfg = Debug|x86
		{A9425798-B5EF-4EFA-A51A-BEEB0F77270B}.Debug|x86.Build.0 = Debug|x86
		{A9425798-B5EF-4EFA-A51A-BEEB0F77270B}.Release|ARM.ActiveCfg = Release|ARM
		{A9425798-B5EF-4EFA-A51A-BEEB0F77270B}.Release|ARM.Build.0 = Release|ARM
		{A9425798-B5EF-4EFA-A51A-BEEB0F77270B}.Release|ARM64.ActiveCfg = Release|ARM64
		{A9425798-B5EF-4EFA-A51A-BEEB0F77270B}.Release|ARM64.Build.0 = Release|ARM64
		{A9425798-B5EF-4EFA-A51A-BEEB0F77270B}.Release|x64.ActiveCfg = Release|x64
		{A9425798-B5EF-4EFA-A51A-BEEB0F77270B}.Release|x64.Build.0 = Release|x64
		{A9425798-B5EF-4EFA-A51A-BEEB0F77270B}.Release|x86.ActiveCfg = Release|x86
		{A9425798-B5EF-4EFA-A51A-BEEB0F77270B}.Release|x86.Build.0 = Release|x86
		{A63596E5-5A57-420E-B0AC-64229AAFD06F}.Debug|ARM.ActiveCfg = Debug|ARM
		{A63596E5-5A57-420E-B0AC-64229AAFD06F}.Debug|ARM.Build.0 = Debug|ARM
		{A63596E5-5A57-420E-B0AC-64229AAFD06F}.Debug|ARM.Deploy.0 = Debug|ARM
		{A63596E5-5A57-420E-B0AC-64229AAFD06F}.Debug|ARM64.ActiveCfg = Debug|ARM64
		{A63596E5-5A57-420E-B0AC-64229AAFD06F}.Debug|ARM64.Build.0 = Debug|ARM64
		{A63596E5-5A57-420E-B0AC-64229AAFD06F}.Debug|ARM64.Deploy.0 = Debug|ARM64
		{A63596E5-5A57-420E-B0AC-64229AAFD06F}.Debug|x64.ActiveCfg = Debug|x64
		{A63596E5-5A57-420E-B0AC-64229AAFD06F}.Debug|x64.Build.0 = Debug|x64
		{A63596E5-5A57-420E-B0AC-64229AAFD06F}.Debug|x64.Deploy.0 = Debug|x64
		{A63596E5-5A57-420E-B0AC-64229AAFD06F}.Debug|x86.ActiveCfg = Debug|x86
		{A63596E5-5A57-420E-B0AC-64229AAFD06F}.Debug|x86.Build.0 = Debug|x86
		{A63596E5-5A57-420E-B0AC-64229AAFD06F}.Debug|x86.Deploy.0 = Debug|x86
		{A63596E5-5A57-420E-B0AC-64229AAFD06F}.Release|ARM.ActiveCfg = Release|ARM
		{A63596E5-5A57-420E-B0AC-64229AAFD06F}.Release|ARM.Build.0 = Release|ARM
		{A63596E5-5A57-420E-B0AC-64229AAFD06F}.Release|ARM.Deploy.0 = Release|ARM
		{A63596E5-5A57-420E-B0AC-64229AAFD06F}.Release|ARM64.ActiveCfg = Release|ARM64
		{A63596E5-5A57-420E-B0AC-64229AAFD06F}.Release|ARM64.Build.0 = Release|ARM64
		{A63596E5-5A57-420E-B0AC-64229AAFD06F}.Release|ARM64.Deploy.0 = Release|ARM64
		{A63596E5-5A57-420E-B0AC-64229AAFD06F}.Release|x64.ActiveCfg = Release|x64
		{A63596E5-5A57-420E-B0AC-64229AAFD06F}.Release|x64.Build.0 = Release|x64
		{A63596E5-5A57-420E-B0AC-64229AAFD06F}.Release|x64.Deploy.0 = Release|x64
		{A63596E5-5A57-420E-B0AC-64229AAFD06F}.Release|x86.ActiveCfg = Release|x86
		{A63596E5-5A57-420E-B0AC-64229AAFD06F}.Release|x86.Build.0 = Release|x86
		{A63596E5-5A57-420E-B0AC-64229AAFD06F}.Release|x86.Deploy.0 = Release|x86
		{A529E3F4-B645-404A-AC50-AE1B437908A3}.Debug|ARM.ActiveCfg = Debug|ARM
		{A529E3F4-B645-404A-AC50-AE1B437908A3}.Debug|ARM.Build.0 = Debug|ARM
		{A529E3F4-B645-404A-AC50-AE1B437908A3}.Debug|ARM64.ActiveCfg = Debug|ARM64
		{A529E3F4-B645-404A-AC50-AE1B437908A3}.Debug|ARM64.Build.0 = Debug|ARM64
		{A529E3F4-B645-404A-AC50-AE1B437908A3}.Debug|x64.ActiveCfg = Debug|x64
		{A529E3F4-B645-404A-AC50-AE1B437908A3}.Debug|x64.Build.0 = Debug|x64
		{A529E3F4-B645-404A-AC50-AE1B437908A3}.Debug|x86.ActiveCfg = Debug|x86
		{A529E3F4-B645-404A-AC50-AE1B437908A3}.Debug|x86.Build.0 = Debug|x86
		{A529E3F4-B645-404A-AC50-AE1B437908A3}.Release|ARM.ActiveCfg = Release|ARM
		{A529E3F4-B645-404A-AC50-AE1B437908A3}.Release|ARM.Build.0 = Release|ARM
		{A529E3F4-B645-404A-AC50-AE1B437908A3}.Release|ARM64.ActiveCfg = Release|ARM64
		{A529E3F4-B645-404A-AC50-AE1B437908A3}.Release|ARM64.Build.0 = Release|ARM64
		{A529E3F4-B645-404A-AC50-AE1B437908A3}.Release|x64.ActiveCfg = Release|x64
		{A529E3F4-B645-404A-AC50-AE1B437908A3}.Release|x64.Build.0 = Release|x64
		{A529E3F4-B645-404A-AC50-AE1B437908A3}.Release|x86.ActiveCfg = Release|x86
		{A529E3F4-B645-404A-AC50-AE1B437908A3}.Release|x86.Build.0 = Release|x86
	EndGlobalSection
	GlobalSection(SolutionProperties) = preSolution
		HideSolutionNode = FALSE
	EndGlobalSection
	GlobalSection(NestedProjects) = preSolution
		{A63596E5-5A57-420E-B0AC-64229AAFD06F} = {64A01D4C-86E9-4C5C-B4A9-074A9AE7DC2E}
		{A529E3F4-B645-404A-AC50-AE1B437908A3} = {64A01D4C-86E9-4C5C-B4A9-074A9AE7DC2E}
	EndGlobalSection
	GlobalSection(ExtensibilityGlobals) = postSolution
		SolutionGuid = {8054C610-FBA3-4F76-AF83-D6445DF2EA87}
	EndGlobalSection
EndGlobal
