<?xml version="1.0" encoding="utf-8"?>
<Project ToolsVersion="4.0" xmlns="http://schemas.microsoft.com/developer/msbuild/2003">
  <ItemGroup>
    <ClCompile Include="C:\Users\loren\Desktop\Source\GameNetworkingSockets\src\external\webrtc\api\adaptation\resource.cc" />
    <ClCompile Include="C:\Users\loren\Desktop\Source\GameNetworkingSockets\src\external\webrtc\api\candidate.cc" />
    <ClCompile Include="C:\Users\loren\Desktop\Source\GameNetworkingSockets\src\external\webrtc\api\crypto\crypto_options.cc" />
    <ClCompile Include="C:\Users\loren\Desktop\Source\GameNetworkingSockets\src\external\webrtc\api\dtls_transport_interface.cc" />
    <ClCompile Include="C:\Users\loren\Desktop\Source\GameNetworkingSockets\src\external\webrtc\api\neteq\neteq.cc" />
    <ClCompile Include="C:\Users\loren\Desktop\Source\GameNetworkingSockets\src\external\webrtc\api\proxy.cc" />
    <ClCompile Include="C:\Users\loren\Desktop\Source\GameNetworkingSockets\src\external\webrtc\api\rtc_error.cc" />
    <ClCompile Include="C:\Users\loren\Desktop\Source\GameNetworkingSockets\src\external\webrtc\api\rtc_event_log\rtc_event.cc" />
    <ClCompile Include="C:\Users\loren\Desktop\Source\GameNetworkingSockets\src\external\webrtc\api\task_queue\task_queue_base.cc" />
    <ClCompile Include="C:\Users\loren\Desktop\Source\GameNetworkingSockets\src\external\webrtc\api\transport\bitrate_settings.cc" />
    <ClCompile Include="C:\Users\loren\Desktop\Source\GameNetworkingSockets\src\external\webrtc\api\transport\network_types.cc" />
    <ClCompile Include="C:\Users\loren\Desktop\Source\GameNetworkingSockets\src\external\webrtc\api\transport\rtp\dependency_descriptor.cc" />
    <ClCompile Include="C:\Users\loren\Desktop\Source\GameNetworkingSockets\src\external\webrtc\api\transport\stun.cc" />
    <ClCompile Include="C:\Users\loren\Desktop\Source\GameNetworkingSockets\src\external\webrtc\api\units\data_rate.cc" />
    <ClCompile Include="C:\Users\loren\Desktop\Source\GameNetworkingSockets\src\external\webrtc\api\units\data_size.cc" />
    <ClCompile Include="C:\Users\loren\Desktop\Source\GameNetworkingSockets\src\external\webrtc\api\units\frequency.cc" />
    <ClCompile Include="C:\Users\loren\Desktop\Source\GameNetworkingSockets\src\external\webrtc\api\units\time_delta.cc" />
    <ClCompile Include="C:\Users\loren\Desktop\Source\GameNetworkingSockets\src\external\webrtc\api\units\timestamp.cc" />
    <ClCompile Include="C:\Users\loren\Desktop\Source\GameNetworkingSockets\src\external\webrtc\logging\rtc_event_log\events\rtc_event_dtls_transport_state.cc" />
    <ClCompile Include="C:\Users\loren\Desktop\Source\GameNetworkingSockets\src\external\webrtc\logging\rtc_event_log\events\rtc_event_dtls_writable_state.cc" />
    <ClCompile Include="C:\Users\loren\Desktop\Source\GameNetworkingSockets\src\external\webrtc\logging\rtc_event_log\events\rtc_event_ice_candidate_pair_config.cc" />
    <ClCompile Include="C:\Users\loren\Desktop\Source\GameNetworkingSockets\src\external\webrtc\logging\rtc_event_log\events\rtc_event_ice_candidate_pair.cc" />
    <ClCompile Include="C:\Users\loren\Desktop\Source\GameNetworkingSockets\src\external\webrtc\logging\rtc_event_log\ice_logger.cc" />
    <ClCompile Include="C:\Users\loren\Desktop\Source\GameNetworkingSockets\src\external\webrtc\p2p\base\async_stun_tcp_socket.cc" />
    <ClCompile Include="C:\Users\loren\Desktop\Source\GameNetworkingSockets\src\external\webrtc\p2p\base\basic_ice_controller.cc" />
    <ClCompile Include="C:\Users\loren\Desktop\Source\GameNetworkingSockets\src\external\webrtc\p2p\base\basic_packet_socket_factory.cc" />
    <ClCompile Include="C:\Users\loren\Desktop\Source\GameNetworkingSockets\src\external\webrtc\p2p\base\connection_info.cc" />
    <ClCompile Include="C:\Users\loren\Desktop\Source\GameNetworkingSockets\src\external\webrtc\p2p\base\connection.cc" />
    <ClCompile Include="C:\Users\loren\Desktop\Source\GameNetworkingSockets\src\external\webrtc\p2p\base\dtls_transport_internal.cc" />
    <ClCompile Include="C:\Users\loren\Desktop\Source\GameNetworkingSockets\src\external\webrtc\p2p\base\dtls_transport.cc" />
    <ClCompile Include="C:\Users\loren\Desktop\Source\GameNetworkingSockets\src\external\webrtc\p2p\base\ice_controller_interface.cc" />
    <ClCompile Include="C:\Users\loren\Desktop\Source\GameNetworkingSockets\src\external\webrtc\p2p\base\ice_credentials_iterator.cc" />
    <ClCompile Include="C:\Users\loren\Desktop\Source\GameNetworkingSockets\src\external\webrtc\p2p\base\ice_transport_internal.cc" />
    <ClCompile Include="C:\Users\loren\Desktop\Source\GameNetworkingSockets\src\external\webrtc\p2p\base\p2p_constants.cc" />
    <ClCompile Include="C:\Users\loren\Desktop\Source\GameNetworkingSockets\src\external\webrtc\p2p\base\p2p_transport_channel.cc" />
    <ClCompile Include="C:\Users\loren\Desktop\Source\GameNetworkingSockets\src\external\webrtc\p2p\base\packet_transport_internal.cc" />
    <ClCompile Include="C:\Users\loren\Desktop\Source\GameNetworkingSockets\src\external\webrtc\p2p\base\port_allocator.cc" />
    <ClCompile Include="C:\Users\loren\Desktop\Source\GameNetworkingSockets\src\external\webrtc\p2p\base\port_interface.cc" />
    <ClCompile Include="C:\Users\loren\Desktop\Source\GameNetworkingSockets\src\external\webrtc\p2p\base\port.cc" />
    <ClCompile Include="C:\Users\loren\Desktop\Source\GameNetworkingSockets\src\external\webrtc\p2p\base\regathering_controller.cc" />
    <ClCompile Include="C:\Users\loren\Desktop\Source\GameNetworkingSockets\src\external\webrtc\p2p\base\stun_port.cc" />
    <ClCompile Include="C:\Users\loren\Desktop\Source\GameNetworkingSockets\src\external\webrtc\p2p\base\stun_request.cc" />
    <ClCompile Include="C:\Users\loren\Desktop\Source\GameNetworkingSockets\src\external\webrtc\p2p\base\tcp_port.cc" />
    <ClCompile Include="C:\Users\loren\Desktop\Source\GameNetworkingSockets\src\external\webrtc\p2p\base\transport_description_factory.cc" />
    <ClCompile Include="C:\Users\loren\Desktop\Source\GameNetworkingSockets\src\external\webrtc\p2p\base\transport_description.cc" />
    <ClCompile Include="C:\Users\loren\Desktop\Source\GameNetworkingSockets\src\external\webrtc\p2p\base\turn_port.cc" />
    <ClCompile Include="C:\Users\loren\Desktop\Source\GameNetworkingSockets\src\external\webrtc\p2p\client\basic_port_allocator.cc" />
    <ClCompile Include="C:\Users\loren\Desktop\Source\GameNetworkingSockets\src\external\webrtc\p2p\client\turn_port_factory.cc" />
    <ClCompile Include="C:\Users\loren\Desktop\Source\GameNetworkingSockets\src\external\webrtc\pc\channel_manager.cc" />
    <ClCompile Include="C:\Users\loren\Desktop\Source\GameNetworkingSockets\src\external\webrtc\pc\channel.cc" />
    <ClCompile Include="C:\Users\loren\Desktop\Source\GameNetworkingSockets\src\external\webrtc\pc\dtls_transport.cc" />
    <ClCompile Include="C:\Users\loren\Desktop\Source\GameNetworkingSockets\src\external\webrtc\pc\ice_transport.cc" />
    <ClCompile Include="C:\Users\loren\Desktop\Source\GameNetworkingSockets\src\external\webrtc\pc\sdp_serializer.cc" />
    <ClCompile Include="C:\Users\loren\Desktop\Source\GameNetworkingSockets\src\external\webrtc\pc\session_description.cc" />
    <ClCompile Include="C:\Users\loren\Desktop\Source\GameNetworkingSockets\src\external\webrtc\pc\simulcast_description.cc" />
    <ClCompile Include="C:\Users\loren\Desktop\Source\GameNetworkingSockets\src\external\webrtc\pc\transport_stats.cc" />
    <ClCompile Include="C:\Users\loren\Desktop\Source\GameNetworkingSockets\src\external\steamwebrtc\webrtc_sdp.cc" />
    <ClCompile Include="C:\Users\loren\Desktop\Source\GameNetworkingSockets\src\external\webrtc\rtc_base\async_invoker.cc" />
    <ClCompile Include="C:\Users\loren\Desktop\Source\GameNetworkingSockets\src\external\webrtc\rtc_base\async_packet_socket.cc" />
    <ClCompile Include="C:\Users\loren\Desktop\Source\GameNetworkingSockets\src\external\webrtc\rtc_base\async_resolver_interface.cc" />
    <ClCompile Include="C:\Users\loren\Desktop\Source\GameNetworkingSockets\src\external\webrtc\rtc_base\async_socket.cc" />
    <ClCompile Include="C:\Users\loren\Desktop\Source\GameNetworkingSockets\src\external\webrtc\rtc_base\async_tcp_socket.cc" />
    <ClCompile Include="C:\Users\loren\Desktop\Source\GameNetworkingSockets\src\external\webrtc\rtc_base\async_udp_socket.cc" />
    <ClCompile Include="C:\Users\loren\Desktop\Source\GameNetworkingSockets\src\external\webrtc\rtc_base\bit_buffer.cc" />
    <ClCompile Include="C:\Users\loren\Desktop\Source\GameNetworkingSockets\src\external\webrtc\rtc_base\buffer_queue.cc" />
    <ClCompile Include="C:\Users\loren\Desktop\Source\GameNetworkingSockets\src\external\webrtc\rtc_base\byte_buffer.cc" />
    <ClCompile Include="C:\Users\loren\Desktop\Source\GameNetworkingSockets\src\external\webrtc\rtc_base\checks.cc" />
    <ClCompile Include="C:\Users\loren\Desktop\Source\GameNetworkingSockets\src\external\webrtc\rtc_base\copy_on_write_buffer.cc" />
    <ClCompile Include="C:\Users\loren\Desktop\Source\GameNetworkingSockets\src\external\webrtc\rtc_base\crc32.cc" />
    <ClCompile Include="C:\Users\loren\Desktop\Source\GameNetworkingSockets\src\external\webrtc\rtc_base\critical_section.cc" />
    <ClCompile Include="C:\Users\loren\Desktop\Source\GameNetworkingSockets\src\external\webrtc\rtc_base\crypt_string.cc" />
    <ClCompile Include="C:\Users\loren\Desktop\Source\GameNetworkingSockets\src\external\webrtc\rtc_base\deprecated\signal_thread.cc" />
    <ClCompile Include="C:\Users\loren\Desktop\Source\GameNetworkingSockets\src\external\webrtc\rtc_base\event_tracer.cc" />
    <ClCompile Include="C:\Users\loren\Desktop\Source\GameNetworkingSockets\src\external\webrtc\rtc_base\event.cc" />
    <ClCompile Include="C:\Users\loren\Desktop\Source\GameNetworkingSockets\src\external\webrtc\rtc_base\experiments\field_trial_parser.cc" />
    <ClCompile Include="C:\Users\loren\Desktop\Source\GameNetworkingSockets\src\external\webrtc\rtc_base\experiments\field_trial_units.cc" />
    <ClCompile Include="C:\Users\loren\Desktop\Source\GameNetworkingSockets\src\external\webrtc\rtc_base\experiments\struct_parameters_parser.cc" />
    <ClCompile Include="C:\Users\loren\Desktop\Source\GameNetworkingSockets\src\external\webrtc\rtc_base\helpers.cc" />
    <ClCompile Include="C:\Users\loren\Desktop\Source\GameNetworkingSockets\src\external\webrtc\rtc_base\http_common.cc" />
    <ClCompile Include="C:\Users\loren\Desktop\Source\GameNetworkingSockets\src\external\webrtc\rtc_base\ip_address.cc" />
    <ClCompile Include="C:\Users\loren\Desktop\Source\GameNetworkingSockets\src\external\webrtc\rtc_base\location.cc" />
    <ClCompile Include="C:\Users\loren\Desktop\Source\GameNetworkingSockets\src\external\webrtc\rtc_base\logging.cc" />
    <ClCompile Include="C:\Users\loren\Desktop\Source\GameNetworkingSockets\src\external\webrtc\rtc_base\message_digest.cc" />
    <ClCompile Include="C:\Users\loren\Desktop\Source\GameNetworkingSockets\src\external\webrtc\rtc_base\message_handler.cc" />
    <ClCompile Include="C:\Users\loren\Desktop\Source\GameNetworkingSockets\src\external\webrtc\rtc_base\net_helper.cc" />
    <ClCompile Include="C:\Users\loren\Desktop\Source\GameNetworkingSockets\src\external\webrtc\rtc_base\net_helpers.cc" />
    <ClCompile Include="C:\Users\loren\Desktop\Source\GameNetworkingSockets\src\external\webrtc\rtc_base\network_constants.cc" />
    <ClCompile Include="C:\Users\loren\Desktop\Source\GameNetworkingSockets\src\external\webrtc\rtc_base\network_monitor.cc" />
    <ClCompile Include="C:\Users\loren\Desktop\Source\GameNetworkingSockets\src\external\webrtc\rtc_base\network_route.cc" />
    <ClCompile Include="C:\Users\loren\Desktop\Source\GameNetworkingSockets\src\external\webrtc\rtc_base\network.cc" />
    <ClCompile Include="C:\Users\loren\Desktop\Source\GameNetworkingSockets\src\external\webrtc\rtc_base\network\sent_packet.cc" />
    <ClCompile Include="C:\Users\loren\Desktop\Source\GameNetworkingSockets\src\external\webrtc\rtc_base\null_socket_server.cc" />
    <ClCompile Include="C:\Users\loren\Desktop\Source\GameNetworkingSockets\src\external\webrtc\rtc_base\numerics\event_based_exponential_moving_average.cc" />
    <ClCompile Include="C:\Users\loren\Desktop\Source\GameNetworkingSockets\src\external\webrtc\rtc_base\openssl_adapter.cc" />
    <ClCompile Include="C:\Users\loren\Desktop\Source\GameNetworkingSockets\src\external\webrtc\rtc_base\openssl_certificate.cc" />
    <ClCompile Include="C:\Users\loren\Desktop\Source\GameNetworkingSockets\src\external\webrtc\rtc_base\openssl_digest.cc" />
    <ClCompile Include="C:\Users\loren\Desktop\Source\GameNetworkingSockets\src\external\webrtc\rtc_base\openssl_identity.cc" />
    <ClCompile Include="C:\Users\loren\Desktop\Source\GameNetworkingSockets\src\external\webrtc\rtc_base\openssl_session_cache.cc" />
    <ClCompile Include="C:\Users\loren\Desktop\Source\GameNetworkingSockets\src\external\webrtc\rtc_base\openssl_stream_adapter.cc" />
    <ClCompile Include="C:\Users\loren\Desktop\Source\GameNetworkingSockets\src\external\webrtc\rtc_base\openssl_utility.cc" />
    <ClCompile Include="C:\Users\loren\Desktop\Source\GameNetworkingSockets\src\external\webrtc\rtc_base\physical_socket_server.cc" />
    <ClCompile Include="C:\Users\loren\Desktop\Source\GameNetworkingSockets\src\external\webrtc\rtc_base\platform_thread_types.cc" />
    <ClCompile Include="C:\Users\loren\Desktop\Source\GameNetworkingSockets\src\external\webrtc\rtc_base\platform_thread.cc" />
    <ClCompile Include="C:\Users\loren\Desktop\Source\GameNetworkingSockets\src\external\webrtc\rtc_base\proxy_info.cc" />
    <ClCompile Include="C:\Users\loren\Desktop\Source\GameNetworkingSockets\src\external\webrtc\rtc_base\rate_tracker.cc" />
    <ClCompile Include="C:\Users\loren\Desktop\Source\GameNetworkingSockets\src\external\webrtc\rtc_base\rtc_certificate.cc" />
    <ClCompile Include="C:\Users\loren\Desktop\Source\GameNetworkingSockets\src\external\webrtc\rtc_base\socket_adapters.cc" />
    <ClCompile Include="C:\Users\loren\Desktop\Source\GameNetworkingSockets\src\external\webrtc\rtc_base\socket_address.cc" />
    <ClCompile Include="C:\Users\loren\Desktop\Source\GameNetworkingSockets\src\external\webrtc\rtc_base\socket.cc" />
    <ClCompile Include="C:\Users\loren\Desktop\Source\GameNetworkingSockets\src\external\webrtc\rtc_base\ssl_adapter.cc" />
    <ClCompile Include="C:\Users\loren\Desktop\Source\GameNetworkingSockets\src\external\webrtc\rtc_base\ssl_certificate.cc" />
    <ClCompile Include="C:\Users\loren\Desktop\Source\GameNetworkingSockets\src\external\webrtc\rtc_base\ssl_fingerprint.cc" />
    <ClCompile Include="C:\Users\loren\Desktop\Source\GameNetworkingSockets\src\external\webrtc\rtc_base\ssl_identity.cc" />
    <ClCompile Include="C:\Users\loren\Desktop\Source\GameNetworkingSockets\src\external\webrtc\rtc_base\ssl_stream_adapter.cc" />
    <ClCompile Include="C:\Users\loren\Desktop\Source\GameNetworkingSockets\src\external\webrtc\rtc_base\stream.cc" />
    <ClCompile Include="C:\Users\loren\Desktop\Source\GameNetworkingSockets\src\external\webrtc\rtc_base\string_encode.cc" />
    <ClCompile Include="C:\Users\loren\Desktop\Source\GameNetworkingSockets\src\external\webrtc\rtc_base\string_to_number.cc" />
    <ClCompile Include="C:\Users\loren\Desktop\Source\GameNetworkingSockets\src\external\webrtc\rtc_base\string_utils.cc" />
    <ClCompile Include="C:\Users\loren\Desktop\Source\GameNetworkingSockets\src\external\webrtc\rtc_base\strings\string_builder.cc" />
    <ClCompile Include="C:\Users\loren\Desktop\Source\GameNetworkingSockets\src\external\webrtc\rtc_base\synchronization\mutex.cc" />
    <ClCompile Include="C:\Users\loren\Desktop\Source\GameNetworkingSockets\src\external\webrtc\rtc_base\synchronization\rw_lock_wrapper.cc" />
    <ClCompile Include="C:\Users\loren\Desktop\Source\GameNetworkingSockets\src\external\webrtc\rtc_base\synchronization\sequence_checker.cc" />
    <ClCompile Include="C:\Users\loren\Desktop\Source\GameNetworkingSockets\src\external\webrtc\rtc_base\synchronization\yield_policy.cc" />
    <ClCompile Include="C:\Users\loren\Desktop\Source\GameNetworkingSockets\src\external\webrtc\rtc_base\synchronization\yield.cc" />
    <ClCompile Include="C:\Users\loren\Desktop\Source\GameNetworkingSockets\src\external\webrtc\rtc_base\system\file_wrapper.cc" />
    <ClCompile Include="C:\Users\loren\Desktop\Source\GameNetworkingSockets\src\external\webrtc\rtc_base\task_utils\pending_task_safety_flag.cc" />
    <ClCompile Include="C:\Users\loren\Desktop\Source\GameNetworkingSockets\src\external\webrtc\rtc_base\third_party\base64\base64.cc" />
    <ClCompile Include="C:\Users\loren\Desktop\Source\GameNetworkingSockets\src\external\webrtc\rtc_base\third_party\sigslot\sigslot.cc" />
    <ClCompile Include="C:\Users\loren\Desktop\Source\GameNetworkingSockets\src\external\webrtc\rtc_base\thread.cc" />
    <ClCompile Include="C:\Users\loren\Desktop\Source\GameNetworkingSockets\src\external\webrtc\rtc_base\time_utils.cc" />
    <ClCompile Include="C:\Users\loren\Desktop\Source\GameNetworkingSockets\src\external\webrtc\rtc_base\unique_id_generator.cc" />
    <ClCompile Include="C:\Users\loren\Desktop\Source\GameNetworkingSockets\src\external\webrtc\rtc_base\weak_ptr.cc" />
    <ClCompile Include="C:\Users\loren\Desktop\Source\GameNetworkingSockets\src\external\webrtc\rtc_base\zero_memory.cc" />
    <ClCompile Include="C:\Users\loren\Desktop\Source\GameNetworkingSockets\src\external\webrtc\system_wrappers\source\clock.cc" />
    <ClCompile Include="C:\Users\loren\Desktop\Source\GameNetworkingSockets\src\external\webrtc\system_wrappers\source\field_trial.cc" />
    <ClCompile Include="C:\Users\loren\Desktop\Source\GameNetworkingSockets\src\external\webrtc\system_wrappers\source\metrics.cc" />
    <ClCompile Include="..\..\..\src\external\webrtc\rtc_base\ifaddrs_android.cc" />
    <ClCompile Include="..\..\..\src\external\webrtc\rtc_base\synchronization\rw_lock_posix.cc" />
    <ClCompile Include="..\..\..\src\external\steamwebrtc\ice_session.cpp" />
    <ClCompile Include="..\..\..\src\external\webrtc\rtc_base\ifaddrs_converter.cc" />
    <ClCompile Include="..\..\..\src\external\webrtc\rtc_base\system\warn_current_thread_is_deadlocked.cc" />
  </ItemGroup>
  <ItemGroup>
    <ClInclude Include="pch.h" />
    <ClInclude Include="C:\Users\loren\Desktop\Source\GameNetworkingSockets\src\external\webrtc\api\adaptation\resource.h" />
    <ClInclude Include="C:\Users\loren\Desktop\Source\GameNetworkingSockets\src\external\webrtc\api\array_view.h" />
    <ClInclude Include="C:\Users\loren\Desktop\Source\GameNetworkingSockets\src\external\webrtc\api\async_resolver_factory.h" />
    <ClInclude Include="C:\Users\loren\Desktop\Source\GameNetworkingSockets\src\external\webrtc\api\candidate.h" />
    <ClInclude Include="C:\Users\loren\Desktop\Source\GameNetworkingSockets\src\external\webrtc\api\crypto_params.h" />
    <ClInclude Include="C:\Users\loren\Desktop\Source\GameNetworkingSockets\src\external\webrtc\api\crypto\crypto_options.h" />
    <ClInclude Include="C:\Users\loren\Desktop\Source\GameNetworkingSockets\src\external\webrtc\api\crypto\frame_decryptor_interface.h" />
    <ClInclude Include="C:\Users\loren\Desktop\Source\GameNetworkingSockets\src\external\webrtc\api\crypto\frame_encryptor_interface.h" />
    <ClInclude Include="C:\Users\loren\Desktop\Source\GameNetworkingSockets\src\external\webrtc\api\dtls_transport_interface.h" />
    <ClInclude Include="C:\Users\loren\Desktop\Source\GameNetworkingSockets\src\external\webrtc\api\dtmf_sender_interface.h" />
    <ClInclude Include="C:\Users\loren\Desktop\Source\GameNetworkingSockets\src\external\webrtc\api\fec_controller_override.h" />
    <ClInclude Include="C:\Users\loren\Desktop\Source\GameNetworkingSockets\src\external\webrtc\api\fec_controller.h" />
    <ClInclude Include="C:\Users\loren\Desktop\Source\GameNetworkingSockets\src\external\webrtc\api\frame_transformer_interface.h" />
    <ClInclude Include="C:\Users\loren\Desktop\Source\GameNetworkingSockets\src\external\webrtc\api\function_view.h" />
    <ClInclude Include="C:\Users\loren\Desktop\Source\GameNetworkingSockets\src\external\webrtc\api\ice_transport_interface.h" />
    <ClInclude Include="C:\Users\loren\Desktop\Source\GameNetworkingSockets\src\external\webrtc\api\neteq\neteq_factory.h" />
    <ClInclude Include="C:\Users\loren\Desktop\Source\GameNetworkingSockets\src\external\webrtc\api\neteq\neteq.h" />
    <ClInclude Include="C:\Users\loren\Desktop\Source\GameNetworkingSockets\src\external\webrtc\api\network_state_predictor.h" />
    <ClInclude Include="C:\Users\loren\Desktop\Source\GameNetworkingSockets\src\external\webrtc\api\packet_socket_factory.h" />
    <ClInclude Include="C:\Users\loren\Desktop\Source\GameNetworkingSockets\src\external\webrtc\api\priority.h" />
    <ClInclude Include="C:\Users\loren\Desktop\Source\GameNetworkingSockets\src\external\webrtc\api\proxy.h" />
    <ClInclude Include="C:\Users\loren\Desktop\Source\GameNetworkingSockets\src\external\webrtc\api\ref_counted_base.h" />
    <ClInclude Include="C:\Users\loren\Desktop\Source\GameNetworkingSockets\src\external\webrtc\api\rtc_error.h" />
    <ClInclude Include="C:\Users\loren\Desktop\Source\GameNetworkingSockets\src\external\webrtc\api\rtc_event_log\rtc_event.h" />
    <ClInclude Include="C:\Users\loren\Desktop\Source\GameNetworkingSockets\src\external\webrtc\api\scoped_refptr.h" />
    <ClInclude Include="C:\Users\loren\Desktop\Source\GameNetworkingSockets\src\external\webrtc\api\task_queue\default_task_queue_factory.h" />
    <ClInclude Include="C:\Users\loren\Desktop\Source\GameNetworkingSockets\src\external\webrtc\api\task_queue\queued_task.h" />
    <ClInclude Include="C:\Users\loren\Desktop\Source\GameNetworkingSockets\src\external\webrtc\api\task_queue\task_queue_base.h" />
    <ClInclude Include="C:\Users\loren\Desktop\Source\GameNetworkingSockets\src\external\webrtc\api\task_queue\task_queue_factory.h" />
    <ClInclude Include="C:\Users\loren\Desktop\Source\GameNetworkingSockets\src\external\webrtc\api\transport\bitrate_settings.h" />
    <ClInclude Include="C:\Users\loren\Desktop\Source\GameNetworkingSockets\src\external\webrtc\api\transport\data_channel_transport_interface.h" />
    <ClInclude Include="C:\Users\loren\Desktop\Source\GameNetworkingSockets\src\external\webrtc\api\transport\enums.h" />
    <ClInclude Include="C:\Users\loren\Desktop\Source\GameNetworkingSockets\src\external\webrtc\api\transport\network_control.h" />
    <ClInclude Include="C:\Users\loren\Desktop\Source\GameNetworkingSockets\src\external\webrtc\api\transport\network_types.h" />
    <ClInclude Include="C:\Users\loren\Desktop\Source\GameNetworkingSockets\src\external\webrtc\api\transport\rtp\dependency_descriptor.h" />
    <ClInclude Include="C:\Users\loren\Desktop\Source\GameNetworkingSockets\src\external\webrtc\api\transport\rtp\rtp_source.h" />
    <ClInclude Include="C:\Users\loren\Desktop\Source\GameNetworkingSockets\src\external\webrtc\api\transport\stun.h" />
    <ClInclude Include="C:\Users\loren\Desktop\Source\GameNetworkingSockets\src\external\webrtc\api\transport\webrtc_key_value_config.h" />
    <ClInclude Include="C:\Users\loren\Desktop\Source\GameNetworkingSockets\src\external\webrtc\api\turn_customizer.h" />
    <ClInclude Include="C:\Users\loren\Desktop\Source\GameNetworkingSockets\src\external\webrtc\api\units\data_rate.h" />
    <ClInclude Include="C:\Users\loren\Desktop\Source\GameNetworkingSockets\src\external\webrtc\api\units\data_size.h" />
    <ClInclude Include="C:\Users\loren\Desktop\Source\GameNetworkingSockets\src\external\webrtc\api\units\frequency.h" />
    <ClInclude Include="C:\Users\loren\Desktop\Source\GameNetworkingSockets\src\external\webrtc\api\units\time_delta.h" />
    <ClInclude Include="C:\Users\loren\Desktop\Source\GameNetworkingSockets\src\external\webrtc\api\units\timestamp.h" />
    <ClInclude Include="C:\Users\loren\Desktop\Source\GameNetworkingSockets\src\external\webrtc\common_types.h" />
    <ClInclude Include="C:\Users\loren\Desktop\Source\GameNetworkingSockets\src\external\webrtc\logging\rtc_event_log\events\rtc_event_dtls_transport_state.h" />
    <ClInclude Include="C:\Users\loren\Desktop\Source\GameNetworkingSockets\src\external\webrtc\logging\rtc_event_log\events\rtc_event_dtls_writable_state.h" />
    <ClInclude Include="C:\Users\loren\Desktop\Source\GameNetworkingSockets\src\external\webrtc\logging\rtc_event_log\events\rtc_event_ice_candidate_pair_config.h" />
    <ClInclude Include="C:\Users\loren\Desktop\Source\GameNetworkingSockets\src\external\webrtc\logging\rtc_event_log\events\rtc_event_ice_candidate_pair.h" />
    <ClInclude Include="C:\Users\loren\Desktop\Source\GameNetworkingSockets\src\external\webrtc\logging\rtc_event_log\ice_logger.h" />
    <ClInclude Include="C:\Users\loren\Desktop\Source\GameNetworkingSockets\src\external\webrtc\modules\utility\include\process_thread.h" />
    <ClInclude Include="C:\Users\loren\Desktop\Source\GameNetworkingSockets\src\external\webrtc\p2p\base\async_stun_tcp_socket.h" />
    <ClInclude Include="C:\Users\loren\Desktop\Source\GameNetworkingSockets\src\external\webrtc\p2p\base\basic_ice_controller.h" />
    <ClInclude Include="C:\Users\loren\Desktop\Source\GameNetworkingSockets\src\external\webrtc\p2p\base\basic_packet_socket_factory.h" />
    <ClInclude Include="C:\Users\loren\Desktop\Source\GameNetworkingSockets\src\external\webrtc\p2p\base\candidate_pair_interface.h" />
    <ClInclude Include="C:\Users\loren\Desktop\Source\GameNetworkingSockets\src\external\webrtc\p2p\base\connection_info.h" />
    <ClInclude Include="C:\Users\loren\Desktop\Source\GameNetworkingSockets\src\external\webrtc\p2p\base\connection.h" />
    <ClInclude Include="C:\Users\loren\Desktop\Source\GameNetworkingSockets\src\external\webrtc\p2p\base\dtls_transport_internal.h" />
    <ClInclude Include="C:\Users\loren\Desktop\Source\GameNetworkingSockets\src\external\webrtc\p2p\base\dtls_transport.h" />
    <ClInclude Include="C:\Users\loren\Desktop\Source\GameNetworkingSockets\src\external\webrtc\p2p\base\ice_controller_factory_interface.h" />
    <ClInclude Include="C:\Users\loren\Desktop\Source\GameNetworkingSockets\src\external\webrtc\p2p\base\ice_controller_interface.h" />
    <ClInclude Include="C:\Users\loren\Desktop\Source\GameNetworkingSockets\src\external\webrtc\p2p\base\ice_credentials_iterator.h" />
    <ClInclude Include="C:\Users\loren\Desktop\Source\GameNetworkingSockets\src\external\webrtc\p2p\base\ice_transport_internal.h" />
    <ClInclude Include="C:\Users\loren\Desktop\Source\GameNetworkingSockets\src\external\webrtc\p2p\base\p2p_constants.h" />
    <ClInclude Include="C:\Users\loren\Desktop\Source\GameNetworkingSockets\src\external\webrtc\p2p\base\p2p_transport_channel_ice_field_trials.h" />
    <ClInclude Include="C:\Users\loren\Desktop\Source\GameNetworkingSockets\src\external\webrtc\p2p\base\p2p_transport_channel.h" />
    <ClInclude Include="C:\Users\loren\Desktop\Source\GameNetworkingSockets\src\external\webrtc\p2p\base\packet_transport_internal.h" />
    <ClInclude Include="C:\Users\loren\Desktop\Source\GameNetworkingSockets\src\external\webrtc\p2p\base\port_allocator.h" />
    <ClInclude Include="C:\Users\loren\Desktop\Source\GameNetworkingSockets\src\external\webrtc\p2p\base\port_interface.h" />
    <ClInclude Include="C:\Users\loren\Desktop\Source\GameNetworkingSockets\src\external\webrtc\p2p\base\port.h" />
    <ClInclude Include="C:\Users\loren\Desktop\Source\GameNetworkingSockets\src\external\webrtc\p2p\base\regathering_controller.h" />
    <ClInclude Include="C:\Users\loren\Desktop\Source\GameNetworkingSockets\src\external\webrtc\p2p\base\stun_port.h" />
    <ClInclude Include="C:\Users\loren\Desktop\Source\GameNetworkingSockets\src\external\webrtc\p2p\base\stun_request.h" />
    <ClInclude Include="C:\Users\loren\Desktop\Source\GameNetworkingSockets\src\external\webrtc\p2p\base\tcp_port.h" />
    <ClInclude Include="C:\Users\loren\Desktop\Source\GameNetworkingSockets\src\external\webrtc\p2p\base\transport_description_factory.h" />
    <ClInclude Include="C:\Users\loren\Desktop\Source\GameNetworkingSockets\src\external\webrtc\p2p\base\transport_description.h" />
    <ClInclude Include="C:\Users\loren\Desktop\Source\GameNetworkingSockets\src\external\webrtc\p2p\base\transport_info.h" />
    <ClInclude Include="C:\Users\loren\Desktop\Source\GameNetworkingSockets\src\external\webrtc\p2p\base\turn_port.h" />
    <ClInclude Include="C:\Users\loren\Desktop\Source\GameNetworkingSockets\src\external\webrtc\p2p\base\udp_port.h" />
    <ClInclude Include="C:\Users\loren\Desktop\Source\GameNetworkingSockets\src\external\webrtc\p2p\client\basic_port_allocator.h" />
    <ClInclude Include="C:\Users\loren\Desktop\Source\GameNetworkingSockets\src\external\webrtc\p2p\client\relay_port_factory_interface.h" />
    <ClInclude Include="C:\Users\loren\Desktop\Source\GameNetworkingSockets\src\external\webrtc\p2p\client\turn_port_factory.h" />
    <ClInclude Include="C:\Users\loren\Desktop\Source\GameNetworkingSockets\src\external\webrtc\pc\channel_interface.h" />
    <ClInclude Include="C:\Users\loren\Desktop\Source\GameNetworkingSockets\src\external\webrtc\pc\channel_manager.h" />
    <ClInclude Include="C:\Users\loren\Desktop\Source\GameNetworkingSockets\src\external\webrtc\pc\channel.h" />
    <ClInclude Include="C:\Users\loren\Desktop\Source\GameNetworkingSockets\src\external\webrtc\pc\dtls_transport.h" />
    <ClInclude Include="C:\Users\loren\Desktop\Source\GameNetworkingSockets\src\external\webrtc\pc\ice_transport.h" />
    <ClInclude Include="C:\Users\loren\Desktop\Source\GameNetworkingSockets\src\external\webrtc\pc\sdp_serializer.h" />
    <ClInclude Include="C:\Users\loren\Desktop\Source\GameNetworkingSockets\src\external\webrtc\pc\session_description.h" />
    <ClInclude Include="C:\Users\loren\Desktop\Source\GameNetworkingSockets\src\external\webrtc\pc\simulcast_description.h" />
    <ClInclude Include="C:\Users\loren\Desktop\Source\GameNetworkingSockets\src\external\webrtc\pc\transport_stats.h" />
    <ClInclude Include="C:\Users\loren\Desktop\Source\GameNetworkingSockets\src\external\webrtc\pc\used_ids.h" />
    <ClInclude Include="C:\Users\loren\Desktop\Source\GameNetworkingSockets\src\external\webrtc\pc\webrtc_sdp.h" />
    <ClInclude Include="C:\Users\loren\Desktop\Source\GameNetworkingSockets\src\external\webrtc\rtc_base\arraysize.h" />
    <ClInclude Include="C:\Users\loren\Desktop\Source\GameNetworkingSockets\src\external\webrtc\rtc_base\async_invoker_inl.h" />
    <ClInclude Include="C:\Users\loren\Desktop\Source\GameNetworkingSockets\src\external\webrtc\rtc_base\async_invoker.h" />
    <ClInclude Include="C:\Users\loren\Desktop\Source\GameNetworkingSockets\src\external\webrtc\rtc_base\async_packet_socket.h" />
    <ClInclude Include="C:\Users\loren\Desktop\Source\GameNetworkingSockets\src\external\webrtc\rtc_base\async_resolver_interface.h" />
    <ClInclude Include="C:\Users\loren\Desktop\Source\GameNetworkingSockets\src\external\webrtc\rtc_base\async_socket.h" />
    <ClInclude Include="C:\Users\loren\Desktop\Source\GameNetworkingSockets\src\external\webrtc\rtc_base\async_tcp_socket.h" />
    <ClInclude Include="C:\Users\loren\Desktop\Source\GameNetworkingSockets\src\external\webrtc\rtc_base\async_udp_socket.h" />
    <ClInclude Include="C:\Users\loren\Desktop\Source\GameNetworkingSockets\src\external\webrtc\rtc_base\atomic_ops.h" />
    <ClInclude Include="C:\Users\loren\Desktop\Source\GameNetworkingSockets\src\external\webrtc\rtc_base\bind.h" />
    <ClInclude Include="C:\Users\loren\Desktop\Source\GameNetworkingSockets\src\external\webrtc\rtc_base\buffer_queue.h" />
    <ClInclude Include="C:\Users\loren\Desktop\Source\GameNetworkingSockets\src\external\webrtc\rtc_base\buffer.h" />
    <ClInclude Include="C:\Users\loren\Desktop\Source\GameNetworkingSockets\src\external\webrtc\rtc_base\byte_buffer.h" />
    <ClInclude Include="C:\Users\loren\Desktop\Source\GameNetworkingSockets\src\external\webrtc\rtc_base\byte_order.h" />
    <ClInclude Include="C:\Users\loren\Desktop\Source\GameNetworkingSockets\src\external\webrtc\rtc_base\callback.h" />
    <ClInclude Include="C:\Users\loren\Desktop\Source\GameNetworkingSockets\src\external\webrtc\rtc_base\checks.h" />
    <ClInclude Include="C:\Users\loren\Desktop\Source\GameNetworkingSockets\src\external\webrtc\rtc_base\constructor_magic.h" />
    <ClInclude Include="C:\Users\loren\Desktop\Source\GameNetworkingSockets\src\external\webrtc\rtc_base\copy_on_write_buffer.h" />
    <ClInclude Include="C:\Users\loren\Desktop\Source\GameNetworkingSockets\src\external\webrtc\rtc_base\crc32.h" />
    <ClInclude Include="C:\Users\loren\Desktop\Source\GameNetworkingSockets\src\external\webrtc\rtc_base\critical_section.h" />
    <ClInclude Include="C:\Users\loren\Desktop\Source\GameNetworkingSockets\src\external\webrtc\rtc_base\crypt_string.h" />
    <ClInclude Include="C:\Users\loren\Desktop\Source\GameNetworkingSockets\src\external\webrtc\rtc_base\deprecated\signal_thread.h" />
    <ClInclude Include="C:\Users\loren\Desktop\Source\GameNetworkingSockets\src\external\webrtc\rtc_base\deprecation.h" />
    <ClInclude Include="C:\Users\loren\Desktop\Source\GameNetworkingSockets\src\external\webrtc\rtc_base\dscp.h" />
    <ClInclude Include="C:\Users\loren\Desktop\Source\GameNetworkingSockets\src\external\webrtc\rtc_base\event_tracer.h" />
    <ClInclude Include="C:\Users\loren\Desktop\Source\GameNetworkingSockets\src\external\webrtc\rtc_base\event.h" />
    <ClInclude Include="C:\Users\loren\Desktop\Source\GameNetworkingSockets\src\external\webrtc\rtc_base\experiments\field_trial_parser.h" />
    <ClInclude Include="C:\Users\loren\Desktop\Source\GameNetworkingSockets\src\external\webrtc\rtc_base\experiments\field_trial_units.h" />
    <ClInclude Include="C:\Users\loren\Desktop\Source\GameNetworkingSockets\src\external\webrtc\rtc_base\experiments\struct_parameters_parser.h" />
    <ClInclude Include="C:\Users\loren\Desktop\Source\GameNetworkingSockets\src\external\webrtc\rtc_base\helpers.h" />
    <ClInclude Include="C:\Users\loren\Desktop\Source\GameNetworkingSockets\src\external\webrtc\rtc_base\http_common.h" />
    <ClInclude Include="C:\Users\loren\Desktop\Source\GameNetworkingSockets\src\external\webrtc\rtc_base\ip_address.h" />
    <ClInclude Include="C:\Users\loren\Desktop\Source\GameNetworkingSockets\src\external\webrtc\rtc_base\location.h" />
    <ClInclude Include="C:\Users\loren\Desktop\Source\GameNetworkingSockets\src\external\webrtc\rtc_base\logging.h" />
    <ClInclude Include="C:\Users\loren\Desktop\Source\GameNetworkingSockets\src\external\webrtc\rtc_base\mdns_responder_interface.h" />
    <ClInclude Include="C:\Users\loren\Desktop\Source\GameNetworkingSockets\src\external\webrtc\rtc_base\message_digest.h" />
    <ClInclude Include="C:\Users\loren\Desktop\Source\GameNetworkingSockets\src\external\webrtc\rtc_base\message_handler.h" />
    <ClInclude Include="C:\Users\loren\Desktop\Source\GameNetworkingSockets\src\external\webrtc\rtc_base\net_helper.h" />
    <ClInclude Include="C:\Users\loren\Desktop\Source\GameNetworkingSockets\src\external\webrtc\rtc_base\net_helpers.h" />
    <ClInclude Include="C:\Users\loren\Desktop\Source\GameNetworkingSockets\src\external\webrtc\rtc_base\network_constants.h" />
    <ClInclude Include="C:\Users\loren\Desktop\Source\GameNetworkingSockets\src\external\webrtc\rtc_base\network_monitor.h" />
    <ClInclude Include="C:\Users\loren\Desktop\Source\GameNetworkingSockets\src\external\webrtc\rtc_base\network_route.h" />
    <ClInclude Include="C:\Users\loren\Desktop\Source\GameNetworkingSockets\src\external\webrtc\rtc_base\network.h" />
    <ClInclude Include="C:\Users\loren\Desktop\Source\GameNetworkingSockets\src\external\webrtc\rtc_base\network\sent_packet.h" />
    <ClInclude Include="C:\Users\loren\Desktop\Source\GameNetworkingSockets\src\external\webrtc\rtc_base\null_socket_server.h" />
    <ClInclude Include="C:\Users\loren\Desktop\Source\GameNetworkingSockets\src\external\webrtc\rtc_base\numerics\event_based_exponential_moving_average.h" />
    <ClInclude Include="C:\Users\loren\Desktop\Source\GameNetworkingSockets\src\external\webrtc\rtc_base\numerics\safe_compare.h" />
    <ClInclude Include="C:\Users\loren\Desktop\Source\GameNetworkingSockets\src\external\webrtc\rtc_base\numerics\safe_conversions_impl.h" />
    <ClInclude Include="C:\Users\loren\Desktop\Source\GameNetworkingSockets\src\external\webrtc\rtc_base\numerics\safe_conversions.h" />
    <ClInclude Include="C:\Users\loren\Desktop\Source\GameNetworkingSockets\src\external\webrtc\rtc_base\numerics\safe_minmax.h" />
    <ClInclude Include="C:\Users\loren\Desktop\Source\GameNetworkingSockets\src\external\webrtc\rtc_base\openssl_adapter.h" />
    <ClInclude Include="C:\Users\loren\Desktop\Source\GameNetworkingSockets\src\external\webrtc\rtc_base\openssl_certificate.h" />
    <ClInclude Include="C:\Users\loren\Desktop\Source\GameNetworkingSockets\src\external\webrtc\rtc_base\openssl_digest.h" />
    <ClInclude Include="C:\Users\loren\Desktop\Source\GameNetworkingSockets\src\external\webrtc\rtc_base\openssl_identity.h" />
    <ClInclude Include="C:\Users\loren\Desktop\Source\GameNetworkingSockets\src\external\webrtc\rtc_base\openssl_session_cache.h" />
    <ClInclude Include="C:\Users\loren\Desktop\Source\GameNetworkingSockets\src\external\webrtc\rtc_base\openssl_stream_adapter.h" />
    <ClInclude Include="C:\Users\loren\Desktop\Source\GameNetworkingSockets\src\external\webrtc\rtc_base\openssl_utility.h" />
    <ClInclude Include="C:\Users\loren\Desktop\Source\GameNetworkingSockets\src\external\webrtc\rtc_base\openssl.h" />
    <ClInclude Include="C:\Users\loren\Desktop\Source\GameNetworkingSockets\src\external\webrtc\rtc_base\physical_socket_server.h" />
    <ClInclude Include="C:\Users\loren\Desktop\Source\GameNetworkingSockets\src\external\webrtc\rtc_base\platform_thread_types.h" />
    <ClInclude Include="C:\Users\loren\Desktop\Source\GameNetworkingSockets\src\external\webrtc\rtc_base\platform_thread.h" />
    <ClInclude Include="C:\Users\loren\Desktop\Source\GameNetworkingSockets\src\external\webrtc\rtc_base\proxy_info.h" />
    <ClInclude Include="C:\Users\loren\Desktop\Source\GameNetworkingSockets\src\external\webrtc\rtc_base\rate_tracker.h" />
    <ClInclude Include="C:\Users\loren\Desktop\Source\GameNetworkingSockets\src\external\webrtc\rtc_base\ref_count.h" />
    <ClInclude Include="C:\Users\loren\Desktop\Source\GameNetworkingSockets\src\external\webrtc\rtc_base\ref_counted_object.h" />
    <ClInclude Include="C:\Users\loren\Desktop\Source\GameNetworkingSockets\src\external\webrtc\rtc_base\ref_counter.h" />
    <ClInclude Include="C:\Users\loren\Desktop\Source\GameNetworkingSockets\src\external\webrtc\rtc_base\rtc_certificate.h" />
    <ClInclude Include="C:\Users\loren\Desktop\Source\GameNetworkingSockets\src\external\webrtc\rtc_base\sanitizer.h" />
    <ClInclude Include="C:\Users\loren\Desktop\Source\GameNetworkingSockets\src\external\webrtc\rtc_base\signal_thread.h" />
    <ClInclude Include="C:\Users\loren\Desktop\Source\GameNetworkingSockets\src\external\webrtc\rtc_base\socket_adapters.h" />
    <ClInclude Include="C:\Users\loren\Desktop\Source\GameNetworkingSockets\src\external\webrtc\rtc_base\socket_address.h" />
    <ClInclude Include="C:\Users\loren\Desktop\Source\GameNetworkingSockets\src\external\webrtc\rtc_base\socket_factory.h" />
    <ClInclude Include="C:\Users\loren\Desktop\Source\GameNetworkingSockets\src\external\webrtc\rtc_base\socket_server.h" />
    <ClInclude Include="C:\Users\loren\Desktop\Source\GameNetworkingSockets\src\external\webrtc\rtc_base\socket.h" />
    <ClInclude Include="C:\Users\loren\Desktop\Source\GameNetworkingSockets\src\external\webrtc\rtc_base\ssl_adapter.h" />
    <ClInclude Include="C:\Users\loren\Desktop\Source\GameNetworkingSockets\src\external\webrtc\rtc_base\ssl_certificate.h" />
    <ClInclude Include="C:\Users\loren\Desktop\Source\GameNetworkingSockets\src\external\webrtc\rtc_base\ssl_fingerprint.h" />
    <ClInclude Include="C:\Users\loren\Desktop\Source\GameNetworkingSockets\src\external\webrtc\rtc_base\ssl_identity.h" />
    <ClInclude Include="C:\Users\loren\Desktop\Source\GameNetworkingSockets\src\external\webrtc\rtc_base\ssl_roots.h" />
    <ClInclude Include="C:\Users\loren\Desktop\Source\GameNetworkingSockets\src\external\webrtc\rtc_base\ssl_stream_adapter.h" />
    <ClInclude Include="C:\Users\loren\Desktop\Source\GameNetworkingSockets\src\external\webrtc\rtc_base\stream.h" />
    <ClInclude Include="C:\Users\loren\Desktop\Source\GameNetworkingSockets\src\external\webrtc\rtc_base\string_encode.h" />
    <ClInclude Include="C:\Users\loren\Desktop\Source\GameNetworkingSockets\src\external\webrtc\rtc_base\string_to_number.h" />
    <ClInclude Include="C:\Users\loren\Desktop\Source\GameNetworkingSockets\src\external\webrtc\rtc_base\string_utils.h" />
    <ClInclude Include="C:\Users\loren\Desktop\Source\GameNetworkingSockets\src\external\webrtc\rtc_base\stringize_macros.h" />
    <ClInclude Include="C:\Users\loren\Desktop\Source\GameNetworkingSockets\src\external\webrtc\rtc_base\strings\string_builder.h" />
    <ClInclude Include="C:\Users\loren\Desktop\Source\GameNetworkingSockets\src\external\webrtc\rtc_base\synchronization\mutex_critical_section.h" />
    <ClInclude Include="C:\Users\loren\Desktop\Source\GameNetworkingSockets\src\external\webrtc\rtc_base\synchronization\mutex.h" />
    <ClInclude Include="C:\Users\loren\Desktop\Source\GameNetworkingSockets\src\external\webrtc\rtc_base\synchronization\rw_lock_wrapper.h" />
    <ClInclude Include="C:\Users\loren\Desktop\Source\GameNetworkingSockets\src\external\webrtc\rtc_base\synchronization\sequence_checker.h" />
    <ClInclude Include="C:\Users\loren\Desktop\Source\GameNetworkingSockets\src\external\webrtc\rtc_base\synchronization\yield_policy.h" />
    <ClInclude Include="C:\Users\loren\Desktop\Source\GameNetworkingSockets\src\external\webrtc\rtc_base\synchronization\yield.h" />
    <ClInclude Include="C:\Users\loren\Desktop\Source\GameNetworkingSockets\src\external\webrtc\rtc_base\system\arch.h" />
    <ClInclude Include="C:\Users\loren\Desktop\Source\GameNetworkingSockets\src\external\webrtc\rtc_base\system\file_wrapper.h" />
    <ClInclude Include="C:\Users\loren\Desktop\Source\GameNetworkingSockets\src\external\webrtc\rtc_base\system\inline.h" />
    <ClInclude Include="C:\Users\loren\Desktop\Source\GameNetworkingSockets\src\external\webrtc\rtc_base\system\rtc_export.h" />
    <ClInclude Include="C:\Users\loren\Desktop\Source\GameNetworkingSockets\src\external\webrtc\rtc_base\system\unused.h" />
    <ClInclude Include="C:\Users\loren\Desktop\Source\GameNetworkingSockets\src\external\webrtc\rtc_base\system\warn_current_thread_is_deadlocked.h" />
    <ClInclude Include="C:\Users\loren\Desktop\Source\GameNetworkingSockets\src\external\webrtc\rtc_base\task_utils\pending_task_safety_flag.h" />
    <ClInclude Include="C:\Users\loren\Desktop\Source\GameNetworkingSockets\src\external\webrtc\rtc_base\task_utils\to_queued_task.h" />
    <ClInclude Include="C:\Users\loren\Desktop\Source\GameNetworkingSockets\src\external\webrtc\rtc_base\third_party\base64\base64.h" />
    <ClInclude Include="C:\Users\loren\Desktop\Source\GameNetworkingSockets\src\external\webrtc\rtc_base\third_party\sigslot\sigslot.h" />
    <ClInclude Include="C:\Users\loren\Desktop\Source\GameNetworkingSockets\src\external\webrtc\rtc_base\thread_annotations.h" />
    <ClInclude Include="C:\Users\loren\Desktop\Source\GameNetworkingSockets\src\external\webrtc\rtc_base\thread_checker.h" />
    <ClInclude Include="C:\Users\loren\Desktop\Source\GameNetworkingSockets\src\external\webrtc\rtc_base\thread_message.h" />
    <ClInclude Include="C:\Users\loren\Desktop\Source\GameNetworkingSockets\src\external\webrtc\rtc_base\thread.h" />
    <ClInclude Include="C:\Users\loren\Desktop\Source\GameNetworkingSockets\src\external\webrtc\rtc_base\time_utils.h" />
    <ClInclude Include="C:\Users\loren\Desktop\Source\GameNetworkingSockets\src\external\webrtc\rtc_base\trace_event.h" />
    <ClInclude Include="C:\Users\loren\Desktop\Source\GameNetworkingSockets\src\external\webrtc\rtc_base\type_traits.h" />
    <ClInclude Include="C:\Users\loren\Desktop\Source\GameNetworkingSockets\src\external\webrtc\rtc_base\unique_id_generator.h" />
    <ClInclude Include="C:\Users\loren\Desktop\Source\GameNetworkingSockets\src\external\webrtc\rtc_base\units\unit_base.h" />
    <ClInclude Include="C:\Users\loren\Desktop\Source\GameNetworkingSockets\src\external\webrtc\rtc_base\weak_ptr.h" />
    <ClInclude Include="C:\Users\loren\Desktop\Source\GameNetworkingSockets\src\external\webrtc\rtc_base\zero_memory.h" />
    <ClInclude Include="C:\Users\loren\Desktop\Source\GameNetworkingSockets\src\external\webrtc\system_wrappers\include\clock.h" />
    <ClInclude Include="C:\Users\loren\Desktop\Source\GameNetworkingSockets\src\external\webrtc\system_wrappers\include\field_trial.h" />
    <ClInclude Include="C:\Users\loren\Desktop\Source\GameNetworkingSockets\src\external\webrtc\system_wrappers\include\metrics.h" />
    <ClInclude Include="C:\Users\loren\Desktop\Source\GameNetworkingSockets\src\external\webrtc\system_wrappers\include\ntp_time.h" />
    <ClInclude Include="..\..\..\src\external\webrtc\rtc_base\ifaddrs_android.h" />
    <ClInclude Include="..\..\..\src\external\webrtc\rtc_base\synchronization\rw_lock_posix.h" />
    <ClInclude Include="..\..\..\src\external\steamwebrtc\ice_session.h" />
    <ClInclude Include="..\..\..\src\external\steamwebrtc\steamwebrtc_internal.h" />
    <ClInclude Include="..\..\..\src\external\webrtc\rtc_base\ifaddrs_converter.h" />
  </ItemGroup>
</Project>